// !$*UTF8*$!
{
	archiveVersion = 1;
	classes = {
	};
	objectVersion = 46;
	objects = {

/* Begin PBXBuildFile section */
		4CC7E5EC1CC2B488004BB077 /* AppDelegate.swift in Sources */ = {isa = PBXBuildFile; fileRef = 4CC7E5EB1CC2B488004BB077 /* AppDelegate.swift */; };
		4CC7E5EE1CC2B488004BB077 /* ViewController.swift in Sources */ = {isa = PBXBuildFile; fileRef = 4CC7E5ED1CC2B488004BB077 /* ViewController.swift */; };
		4CC7E5F11CC2B488004BB077 /* Main.storyboard in Resources */ = {isa = PBXBuildFile; fileRef = 4CC7E5EF1CC2B488004BB077 /* Main.storyboard */; };
		4CC7E5F31CC2B488004BB077 /* Assets.xcassets in Resources */ = {isa = PBXBuildFile; fileRef = 4CC7E5F21CC2B488004BB077 /* Assets.xcassets */; };
		4CC7E5F61CC2B488004BB077 /* LaunchScreen.storyboard in Resources */ = {isa = PBXBuildFile; fileRef = 4CC7E5F41CC2B488004BB077 /* LaunchScreen.storyboard */; };
		4CC7E6011CC2B488004BB077 /* Active_Noise_CancellerTests.swift in Sources */ = {isa = PBXBuildFile; fileRef = 4CC7E6001CC2B488004BB077 /* Active_Noise_CancellerTests.swift */; };
		4CC7E60C1CC2B488004BB077 /* Active_Noise_CancellerUITests.swift in Sources */ = {isa = PBXBuildFile; fileRef = 4CC7E60B1CC2B488004BB077 /* Active_Noise_CancellerUITests.swift */; };
/* End PBXBuildFile section */

/* Begin PBXContainerItemProxy section */
		4CC7E5FD1CC2B488004BB077 /* PBXContainerItemProxy */ = {
			isa = PBXContainerItemProxy;
			containerPortal = 4CC7E5E01CC2B488004BB077 /* Project object */;
			proxyType = 1;
			remoteGlobalIDString = 4CC7E5E71CC2B488004BB077;
			remoteInfo = "Active-Noise-Canceller";
		};
		4CC7E6081CC2B488004BB077 /* PBXContainerItemProxy */ = {
			isa = PBXContainerItemProxy;
			containerPortal = 4CC7E5E01CC2B488004BB077 /* Project object */;
			proxyType = 1;
			remoteGlobalIDString = 4CC7E5E71CC2B488004BB077;
			remoteInfo = "Active-Noise-Canceller";
		};
/* End PBXContainerItemProxy section */

/* Begin PBXFileReference section */
		4CC7E5E81CC2B488004BB077 /* Active-Noise-Canceller.app */ = {isa = PBXFileReference; explicitFileType = wrapper.application; includeInIndex = 0; path = "Active-Noise-Canceller.app"; sourceTree = BUILT_PRODUCTS_DIR; };
		4CC7E5EB1CC2B488004BB077 /* AppDelegate.swift */ = {isa = PBXFileReference; lastKnownFileType = sourcecode.swift; path = AppDelegate.swift; sourceTree = "<group>"; };
		4CC7E5ED1CC2B488004BB077 /* ViewController.swift */ = {isa = PBXFileReference; lastKnownFileType = sourcecode.swift; path = ViewController.swift; sourceTree = "<group>"; };
		4CC7E5F01CC2B488004BB077 /* Base */ = {isa = PBXFileReference; lastKnownFileType = file.storyboard; name = Base; path = Base.lproj/Main.storyboard; sourceTree = "<group>"; };
		4CC7E5F21CC2B488004BB077 /* Assets.xcassets */ = {isa = PBXFileReference; lastKnownFileType = folder.assetcatalog; path = Assets.xcassets; sourceTree = "<group>"; };
		4CC7E5F51CC2B488004BB077 /* Base */ = {isa = PBXFileReference; lastKnownFileType = file.storyboard; name = Base; path = Base.lproj/LaunchScreen.storyboard; sourceTree = "<group>"; };
		4CC7E5F71CC2B488004BB077 /* Info.plist */ = {isa = PBXFileReference; lastKnownFileType = text.plist.xml; path = Info.plist; sourceTree = "<group>"; };
		4CC7E5FC1CC2B488004BB077 /* Active-Noise-CancellerTests.xctest */ = {isa = PBXFileReference; explicitFileType = wrapper.cfbundle; includeInIndex = 0; path = "Active-Noise-CancellerTests.xctest"; sourceTree = BUILT_PRODUCTS_DIR; };
		4CC7E6001CC2B488004BB077 /* Active_Noise_CancellerTests.swift */ = {isa = PBXFileReference; lastKnownFileType = sourcecode.swift; path = Active_Noise_CancellerTests.swift; sourceTree = "<group>"; };
		4CC7E6021CC2B488004BB077 /* Info.plist */ = {isa = PBXFileReference; lastKnownFileType = text.plist.xml; path = Info.plist; sourceTree = "<group>"; };
		4CC7E6071CC2B488004BB077 /* Active-Noise-CancellerUITests.xctest */ = {isa = PBXFileReference; explicitFileType = wrapper.cfbundle; includeInIndex = 0; path = "Active-Noise-CancellerUITests.xctest"; sourceTree = BUILT_PRODUCTS_DIR; };
		4CC7E60B1CC2B488004BB077 /* Active_Noise_CancellerUITests.swift */ = {isa = PBXFileReference; lastKnownFileType = sourcecode.swift; path = Active_Noise_CancellerUITests.swift; sourceTree = "<group>"; };
		4CC7E60D1CC2B488004BB077 /* Info.plist */ = {isa = PBXFileReference; lastKnownFileType = text.plist.xml; path = Info.plist; sourceTree = "<group>"; };
/* End PBXFileReference section */

/* Begin PBXFrameworksBuildPhase section */
		4CC7E5E51CC2B488004BB077 /* Frameworks */ = {
			isa = PBXFrameworksBuildPhase;
			buildActionMask = 2147483647;
			files = (
			);
			runOnlyForDeploymentPostprocessing = 0;
		};
		4CC7E5F91CC2B488004BB077 /* Frameworks */ = {
			isa = PBXFrameworksBuildPhase;
			buildActionMask = 2147483647;
			files = (
			);
			runOnlyForDeploymentPostprocessing = 0;
		};
		4CC7E6041CC2B488004BB077 /* Frameworks */ = {
			isa = PBXFrameworksBuildPhase;
			buildActionMask = 2147483647;
			files = (
			);
			runOnlyForDeploymentPostprocessing = 0;
		};
/* End PBXFrameworksBuildPhase section */

/* Begin PBXGroup section */
		4CC7E5DF1CC2B488004BB077 = {
			isa = PBXGroup;
			children = (
				4CC7E5EA1CC2B488004BB077 /* Active-Noise-Canceller */,
				4CC7E5FF1CC2B488004BB077 /* Active-Noise-CancellerTests */,
				4CC7E60A1CC2B488004BB077 /* Active-Noise-CancellerUITests */,
				4CC7E5E91CC2B488004BB077 /* Products */,
			);
			sourceTree = "<group>";
		};
		4CC7E5E91CC2B488004BB077 /* Products */ = {
			isa = PBXGroup;
			children = (
				4CC7E5E81CC2B488004BB077 /* Active-Noise-Canceller.app */,
				4CC7E5FC1CC2B488004BB077 /* Active-Noise-CancellerTests.xctest */,
				4CC7E6071CC2B488004BB077 /* Active-Noise-CancellerUITests.xctest */,
			);
			name = Products;
			sourceTree = "<group>";
		};
		4CC7E5EA1CC2B488004BB077 /* Active-Noise-Canceller */ = {
			isa = PBXGroup;
			children = (
				4CC7E5EB1CC2B488004BB077 /* AppDelegate.swift */,
				4CC7E5ED1CC2B488004BB077 /* ViewController.swift */,
				4CC7E5EF1CC2B488004BB077 /* Main.storyboard */,
				4CC7E5F21CC2B488004BB077 /* Assets.xcassets */,
				4CC7E5F41CC2B488004BB077 /* LaunchScreen.storyboard */,
				4CC7E5F71CC2B488004BB077 /* Info.plist */,
			);
			path = "Active-Noise-Canceller";
			sourceTree = "<group>";
		};
		4CC7E5FF1CC2B488004BB077 /* Active-Noise-CancellerTests */ = {
			isa = PBXGroup;
			children = (
				4CC7E6001CC2B488004BB077 /* Active_Noise_CancellerTests.swift */,
				4CC7E6021CC2B488004BB077 /* Info.plist */,
			);
			path = "Active-Noise-CancellerTests";
			sourceTree = "<group>";
		};
		4CC7E60A1CC2B488004BB077 /* Active-Noise-CancellerUITests */ = {
			isa = PBXGroup;
			children = (
				4CC7E60B1CC2B488004BB077 /* Active_Noise_CancellerUITests.swift */,
				4CC7E60D1CC2B488004BB077 /* Info.plist */,
			);
			path = "Active-Noise-CancellerUITests";
			sourceTree = "<group>";
		};
/* End PBXGroup section */

/* Begin PBXNativeTarget section */
		4CC7E5E71CC2B488004BB077 /* Active-Noise-Canceller */ = {
			isa = PBXNativeTarget;
			buildConfigurationList = 4CC7E6101CC2B488004BB077 /* Build configuration list for PBXNativeTarget "Active-Noise-Canceller" */;
			buildPhases = (
				4CC7E5E41CC2B488004BB077 /* Sources */,
				4CC7E5E51CC2B488004BB077 /* Frameworks */,
				4CC7E5E61CC2B488004BB077 /* Resources */,
			);
			buildRules = (
			);
			dependencies = (
			);
			name = "Active-Noise-Canceller";
			productName = "Active-Noise-Canceller";
			productReference = 4CC7E5E81CC2B488004BB077 /* Active-Noise-Canceller.app */;
			productType = "com.apple.product-type.application";
		};
		4CC7E5FB1CC2B488004BB077 /* Active-Noise-CancellerTests */ = {
			isa = PBXNativeTarget;
			buildConfigurationList = 4CC7E6131CC2B488004BB077 /* Build configuration list for PBXNativeTarget "Active-Noise-CancellerTests" */;
			buildPhases = (
				4CC7E5F81CC2B488004BB077 /* Sources */,
				4CC7E5F91CC2B488004BB077 /* Frameworks */,
				4CC7E5FA1CC2B488004BB077 /* Resources */,
			);
			buildRules = (
			);
			dependencies = (
				4CC7E5FE1CC2B488004BB077 /* PBXTargetDependency */,
			);
			name = "Active-Noise-CancellerTests";
			productName = "Active-Noise-CancellerTests";
			productReference = 4CC7E5FC1CC2B488004BB077 /* Active-Noise-CancellerTests.xctest */;
			productType = "com.apple.product-type.bundle.unit-test";
		};
		4CC7E6061CC2B488004BB077 /* Active-Noise-CancellerUITests */ = {
			isa = PBXNativeTarget;
			buildConfigurationList = 4CC7E6161CC2B488004BB077 /* Build configuration list for PBXNativeTarget "Active-Noise-CancellerUITests" */;
			buildPhases = (
				4CC7E6031CC2B488004BB077 /* Sources */,
				4CC7E6041CC2B488004BB077 /* Frameworks */,
				4CC7E6051CC2B488004BB077 /* Resources */,
			);
			buildRules = (
			);
			dependencies = (
				4CC7E6091CC2B488004BB077 /* PBXTargetDependency */,
			);
			name = "Active-Noise-CancellerUITests";
			productName = "Active-Noise-CancellerUITests";
			productReference = 4CC7E6071CC2B488004BB077 /* Active-Noise-CancellerUITests.xctest */;
			productType = "com.apple.product-type.bundle.ui-testing";
		};
/* End PBXNativeTarget section */

/* Begin PBXProject section */
		4CC7E5E01CC2B488004BB077 /* Project object */ = {
			isa = PBXProject;
			attributes = {
				LastSwiftUpdateCheck = 0730;
				LastUpgradeCheck = 0730;
				ORGANIZATIONNAME = liuxinyuan;
				TargetAttributes = {
					4CC7E5E71CC2B488004BB077 = {
						CreatedOnToolsVersion = 7.3;
					};
					4CC7E5FB1CC2B488004BB077 = {
						CreatedOnToolsVersion = 7.3;
						TestTargetID = 4CC7E5E71CC2B488004BB077;
					};
					4CC7E6061CC2B488004BB077 = {
						CreatedOnToolsVersion = 7.3;
						TestTargetID = 4CC7E5E71CC2B488004BB077;
					};
				};
			};
			buildConfigurationList = 4CC7E5E31CC2B488004BB077 /* Build configuration list for PBXProject "Active-Noise-Canceller" */;
			compatibilityVersion = "Xcode 3.2";
			developmentRegion = English;
			hasScannedForEncodings = 0;
			knownRegions = (
				en,
				Base,
			);
			mainGroup = 4CC7E5DF1CC2B488004BB077;
			productRefGroup = 4CC7E5E91CC2B488004BB077 /* Products */;
			projectDirPath = "";
			projectRoot = "";
			targets = (
				4CC7E5E71CC2B488004BB077 /* Active-Noise-Canceller */,
				4CC7E5FB1CC2B488004BB077 /* Active-Noise-CancellerTests */,
				4CC7E6061CC2B488004BB077 /* Active-Noise-CancellerUITests */,
			);
		};
/* End PBXProject section */

/* Begin PBXResourcesBuildPhase section */
		4CC7E5E61CC2B488004BB077 /* Resources */ = {
			isa = PBXResourcesBuildPhase;
			buildActionMask = 2147483647;
			files = (
				4CC7E5F61CC2B488004BB077 /* LaunchScreen.storyboard in Resources */,
				4CC7E5F31CC2B488004BB077 /* Assets.xcassets in Resources */,
				4CC7E5F11CC2B488004BB077 /* Main.storyboard in Resources */,
			);
			runOnlyForDeploymentPostprocessing = 0;
		};
		4CC7E5FA1CC2B488004BB077 /* Resources */ = {
			isa = PBXResourcesBuildPhase;
			buildActionMask = 2147483647;
			files = (
			);
			runOnlyForDeploymentPostprocessing = 0;
		};
		4CC7E6051CC2B488004BB077 /* Resources */ = {
			isa = PBXResourcesBuildPhase;
			buildActionMask = 2147483647;
			files = (
			);
			runOnlyForDeploymentPostprocessing = 0;
		};
/* End PBXResourcesBuildPhase section */

/* Begin PBXSourcesBuildPhase section */
		4CC7E5E41CC2B488004BB077 /* Sources */ = {
			isa = PBXSourcesBuildPhase;
			buildActionMask = 2147483647;
			files = (
				4CC7E5EE1CC2B488004BB077 /* ViewController.swift in Sources */,
				4CC7E5EC1CC2B488004BB077 /* AppDelegate.swift in Sources */,
			);
			runOnlyForDeploymentPostprocessing = 0;
		};
		4CC7E5F81CC2B488004BB077 /* Sources */ = {
			isa = PBXSourcesBuildPhase;
			buildActionMask = 2147483647;
			files = (
				4CC7E6011CC2B488004BB077 /* Active_Noise_CancellerTests.swift in Sources */,
			);
			runOnlyForDeploymentPostprocessing = 0;
		};
		4CC7E6031CC2B488004BB077 /* Sources */ = {
			isa = PBXSourcesBuildPhase;
			buildActionMask = 2147483647;
			files = (
				4CC7E60C1CC2B488004BB077 /* Active_Noise_CancellerUITests.swift in Sources */,
			);
			runOnlyForDeploymentPostprocessing = 0;
		};
/* End PBXSourcesBuildPhase section */

/* Begin PBXTargetDependency section */
		4CC7E5FE1CC2B488004BB077 /* PBXTargetDependency */ = {
			isa = PBXTargetDependency;
			target = 4CC7E5E71CC2B488004BB077 /* Active-Noise-Canceller */;
			targetProxy = 4CC7E5FD1CC2B488004BB077 /* PBXContainerItemProxy */;
		};
		4CC7E6091CC2B488004BB077 /* PBXTargetDependency */ = {
			isa = PBXTargetDependency;
			target = 4CC7E5E71CC2B488004BB077 /* Active-Noise-Canceller */;
			targetProxy = 4CC7E6081CC2B488004BB077 /* PBXContainerItemProxy */;
		};
/* End PBXTargetDependency section */

/* Begin PBXVariantGroup section */
		4CC7E5EF1CC2B488004BB077 /* Main.storyboard */ = {
			isa = PBXVariantGroup;
			children = (
				4CC7E5F01CC2B488004BB077 /* Base */,
			);
			name = Main.storyboard;
			sourceTree = "<group>";
		};
		4CC7E5F41CC2B488004BB077 /* LaunchScreen.storyboard */ = {
			isa = PBXVariantGroup;
			children = (
				4CC7E5F51CC2B488004BB077 /* Base */,
			);
			name = LaunchScreen.storyboard;
			sourceTree = "<group>";
		};
/* End PBXVariantGroup section */

/* Begin XCBuildConfiguration section */
		4CC7E60E1CC2B488004BB077 /* Debug */ = {
			isa = XCBuildConfiguration;
			buildSettings = {
				ALWAYS_SEARCH_USER_PATHS = NO;
				CLANG_ANALYZER_NONNULL = YES;
				CLANG_CXX_LANGUAGE_STANDARD = "gnu++0x";
				CLANG_CXX_LIBRARY = "libc++";
				CLANG_ENABLE_MODULES = YES;
				CLANG_ENABLE_OBJC_ARC = YES;
				CLANG_WARN_BOOL_CONVERSION = YES;
				CLANG_WARN_CONSTANT_CONVERSION = YES;
				CLANG_WARN_DIRECT_OBJC_ISA_USAGE = YES_ERROR;
				CLANG_WARN_EMPTY_BODY = YES;
				CLANG_WARN_ENUM_CONVERSION = YES;
				CLANG_WARN_INT_CONVERSION = YES;
				CLANG_WARN_OBJC_ROOT_CLASS = YES_ERROR;
				CLANG_WARN_UNREACHABLE_CODE = YES;
				CLANG_WARN__DUPLICATE_METHOD_MATCH = YES;
				"CODE_SIGN_IDENTITY[sdk=iphoneos*]" = "iPhone Developer";
				COPY_PHASE_STRIP = NO;
				DEBUG_INFORMATION_FORMAT = dwarf;
				ENABLE_STRICT_OBJC_MSGSEND = YES;
				ENABLE_TESTABILITY = YES;
				GCC_C_LANGUAGE_STANDARD = gnu99;
				GCC_DYNAMIC_NO_PIC = NO;
				GCC_NO_COMMON_BLOCKS = YES;
				GCC_OPTIMIZATION_LEVEL = 0;
				GCC_PREPROCESSOR_DEFINITIONS = (
					"DEBUG=1",
					"$(inherited)",
				);
				GCC_WARN_64_TO_32_BIT_CONVERSION = YES;
				GCC_WARN_ABOUT_RETURN_TYPE = YES_ERROR;
				GCC_WARN_UNDECLARED_SELECTOR = YES;
				GCC_WARN_UNINITIALIZED_AUTOS = YES_AGGRESSIVE;
				GCC_WARN_UNUSED_FUNCTION = YES;
				GCC_WARN_UNUSED_VARIABLE = YES;
				IPHONEOS_DEPLOYMENT_TARGET = 9.3;
				MTL_ENABLE_DEBUG_INFO = YES;
				ONLY_ACTIVE_ARCH = YES;
				SDKROOT = iphoneos;
				SWIFT_OPTIMIZATION_LEVEL = "-Onone";
				TARGETED_DEVICE_FAMILY = "1,2";
			};
			name = Debug;
		};
		4CC7E60F1CC2B488004BB077 /* Release */ = {
			isa = XCBuildConfiguration;
			buildSettings = {
				ALWAYS_SEARCH_USER_PATHS = NO;
				CLANG_ANALYZER_NONNULL = YES;
				CLANG_CXX_LANGUAGE_STANDARD = "gnu++0x";
				CLANG_CXX_LIBRARY = "libc++";
				CLANG_ENABLE_MODULES = YES;
				CLANG_ENABLE_OBJC_ARC = YES;
				CLANG_WARN_BOOL_CONVERSION = YES;
				CLANG_WARN_CONSTANT_CONVERSION = YES;
				CLANG_WARN_DIRECT_OBJC_ISA_USAGE = YES_ERROR;
				CLANG_WARN_EMPTY_BODY = YES;
				CLANG_WARN_ENUM_CONVERSION = YES;
				CLANG_WARN_INT_CONVERSION = YES;
				CLANG_WARN_OBJC_ROOT_CLASS = YES_ERROR;
				CLANG_WARN_UNREACHABLE_CODE = YES;
				CLANG_WARN__DUPLICATE_METHOD_MATCH = YES;
				"CODE_SIGN_IDENTITY[sdk=iphoneos*]" = "iPhone Developer";
				COPY_PHASE_STRIP = NO;
				DEBUG_INFORMATION_FORMAT = "dwarf-with-dsym";
				ENABLE_NS_ASSERTIONS = NO;
				ENABLE_STRICT_OBJC_MSGSEND = YES;
				GCC_C_LANGUAGE_STANDARD = gnu99;
				GCC_NO_COMMON_BLOCKS = YES;
				GCC_WARN_64_TO_32_BIT_CONVERSION = YES;
				GCC_WARN_ABOUT_RETURN_TYPE = YES_ERROR;
				GCC_WARN_UNDECLARED_SELECTOR = YES;
				GCC_WARN_UNINITIALIZED_AUTOS = YES_AGGRESSIVE;
				GCC_WARN_UNUSED_FUNCTION = YES;
				GCC_WARN_UNUSED_VARIABLE = YES;
				IPHONEOS_DEPLOYMENT_TARGET = 9.3;
				MTL_ENABLE_DEBUG_INFO = NO;
				SDKROOT = iphoneos;
				TARGETED_DEVICE_FAMILY = "1,2";
				VALIDATE_PRODUCT = YES;
			};
			name = Release;
		};
		4CC7E6111CC2B488004BB077 /* Debug */ = {
			isa = XCBuildConfiguration;
			buildSettings = {
				ASSETCATALOG_COMPILER_APPICON_NAME = AppIcon;
				INFOPLIST_FILE = "Active-Noise-Canceller/Info.plist";
				LD_RUNPATH_SEARCH_PATHS = "$(inherited) @executable_path/Frameworks";
				PRODUCT_BUNDLE_IDENTIFIER = "lxy.Active-Noise-Canceller";
				PRODUCT_NAME = "$(TARGET_NAME)";
			};
			name = Debug;
		};
		4CC7E6121CC2B488004BB077 /* Release */ = {
			isa = XCBuildConfiguration;
			buildSettings = {
				ASSETCATALOG_COMPILER_APPICON_NAME = AppIcon;
				INFOPLIST_FILE = "Active-Noise-Canceller/Info.plist";
				LD_RUNPATH_SEARCH_PATHS = "$(inherited) @executable_path/Frameworks";
				PRODUCT_BUNDLE_IDENTIFIER = "lxy.Active-Noise-Canceller";
				PRODUCT_NAME = "$(TARGET_NAME)";
			};
			name = Release;
		};
		4CC7E6141CC2B488004BB077 /* Debug */ = {
			isa = XCBuildConfiguration;
			buildSettings = {
				BUNDLE_LOADER = "$(TEST_HOST)";
				INFOPLIST_FILE = "Active-Noise-CancellerTests/Info.plist";
				LD_RUNPATH_SEARCH_PATHS = "$(inherited) @executable_path/Frameworks @loader_path/Frameworks";
				PRODUCT_BUNDLE_IDENTIFIER = "lxy.Active-Noise-CancellerTests";
				PRODUCT_NAME = "$(TARGET_NAME)";
				TEST_HOST = "$(BUILT_PRODUCTS_DIR)/Active-Noise-Canceller.app/Active-Noise-Canceller";
			};
			name = Debug;
		};
		4CC7E6151CC2B488004BB077 /* Release */ = {
			isa = XCBuildConfiguration;
			buildSettings = {
				BUNDLE_LOADER = "$(TEST_HOST)";
				INFOPLIST_FILE = "Active-Noise-CancellerTests/Info.plist";
				LD_RUNPATH_SEARCH_PATHS = "$(inherited) @executable_path/Frameworks @loader_path/Frameworks";
				PRODUCT_BUNDLE_IDENTIFIER = "lxy.Active-Noise-CancellerTests";
				PRODUCT_NAME = "$(TARGET_NAME)";
				TEST_HOST = "$(BUILT_PRODUCTS_DIR)/Active-Noise-Canceller.app/Active-Noise-Canceller";
			};
			name = Release;
		};
		4CC7E6171CC2B488004BB077 /* Debug */ = {
			isa = XCBuildConfiguration;
			buildSettings = {
				INFOPLIST_FILE = "Active-Noise-CancellerUITests/Info.plist";
				LD_RUNPATH_SEARCH_PATHS = "$(inherited) @executable_path/Frameworks @loader_path/Frameworks";
				PRODUCT_BUNDLE_IDENTIFIER = "lxy.Active-Noise-CancellerUITests";
				PRODUCT_NAME = "$(TARGET_NAME)";
				TEST_TARGET_NAME = "Active-Noise-Canceller";
			};
			name = Debug;
		};
		4CC7E6181CC2B488004BB077 /* Release */ = {
			isa = XCBuildConfiguration;
			buildSettings = {
				INFOPLIST_FILE = "Active-Noise-CancellerUITests/Info.plist";
				LD_RUNPATH_SEARCH_PATHS = "$(inherited) @executable_path/Frameworks @loader_path/Frameworks";
				PRODUCT_BUNDLE_IDENTIFIER = "lxy.Active-Noise-CancellerUITests";
				PRODUCT_NAME = "$(TARGET_NAME)";
				TEST_TARGET_NAME = "Active-Noise-Canceller";
			};
			name = Release;
		};
/* End XCBuildConfiguration section */

/* Begin XCConfigurationList section */
		4CC7E5E31CC2B488004BB077 /* Build configuration list for PBXProject "Active-Noise-Canceller" */ = {
			isa = XCConfigurationList;
			buildConfigurations = (
				4CC7E60E1CC2B488004BB077 /* Debug */,
				4CC7E60F1CC2B488004BB077 /* Release */,
			);
			defaultConfigurationIsVisible = 0;
			defaultConfigurationName = Release;
		};
		4CC7E6101CC2B488004BB077 /* Build configuration list for PBXNativeTarget "Active-Noise-Canceller" */ = {
			isa = XCConfigurationList;
			buildConfigurations = (
				4CC7E6111CC2B488004BB077 /* Debug */,
				4CC7E6121CC2B488004BB077 /* Release */,
			);
			defaultConfigurationIsVisible = 0;
		};
		4CC7E6131CC2B488004BB077 /* Build configuration list for PBXNativeTarget "Active-Noise-CancellerTests" */ = {
			isa = XCConfigurationList;
			buildConfigurations = (
				4CC7E6141CC2B488004BB077 /* Debug */,
				4CC7E6151CC2B488004BB077 /* Release */,
			);
			defaultConfigurationIsVisible = 0;
		};
		4CC7E6161CC2B488004BB077 /* Build configuration list for PBXNativeTarget "Active-Noise-CancellerUITests" */ = {
			isa = XCConfigurationList;
			buildConfigurations = (
				4CC7E6171CC2B488004BB077 /* Debug */,
				4CC7E6181CC2B488004BB077 /* Release */,
			);
			defaultConfigurationIsVisible = 0;
		};
/* End XCConfigurationList section */
	};
	rootObject = 4CC7E5E01CC2B488004BB077 /* Project object */;
}
